
Microsoft Visual Studio Solution File, Format Version 12.00
# Visual Studio Version 16
VisualStudioVersion = 16.0.30114.105
MinimumVisualStudioVersion = 10.0.40219.1
Project("{FAE04EC0-301F-11D3-BF4B-00C04F79EFBC}") = "01_Variables", "01_Variables\01_Variables.csproj", "{018BF58E-8967-478F-A158-D8B74EF21473}"
EndProject
Project("{FAE04EC0-301F-11D3-BF4B-00C04F79EFBC}") = "BasicTypes", "02_Types\BasicTypes.csproj", "{B1A1EBF9-63C2-4F2E-AEF3-382C36DFB99A}"
EndProject
Global
	GlobalSection(SolutionConfigurationPlatforms) = preSolution
		Debug|Any CPU = Debug|Any CPU
		Release|Any CPU = Release|Any CPU
	EndGlobalSection
	GlobalSection(SolutionProperties) = preSolution
		HideSolutionNode = FALSE
	EndGlobalSection
	GlobalSection(ProjectConfigurationPlatforms) = postSolution
		{018BF58E-8967-478F-A158-D8B74EF21473}.Debug|Any CPU.ActiveCfg = Debug|Any CPU
		{018BF58E-8967-478F-A158-D8B74EF21473}.Debug|Any CPU.Build.0 = Debug|Any CPU
		{018BF58E-8967-478F-A158-D8B74EF21473}.Release|Any CPU.ActiveCfg = Release|Any CPU
		{018BF58E-8967-478F-A158-D8B74EF21473}.Release|Any CPU.Build.0 = Release|Any CPU
		{B1A1EBF9-63C2-4F2E-AEF3-382C36DFB99A}.Debug|Any CPU.ActiveCfg = Debug|Any CPU
		{B1A1EBF9-63C2-4F2E-AEF3-382C36DFB99A}.Debug|Any CPU.Build.0 = Debug|Any CPU
		{B1A1EBF9-63C2-4F2E-AEF3-382C36DFB99A}.Release|Any CPU.ActiveCfg = Release|Any CPU
		{B1A1EBF9-63C2-4F2E-AEF3-382C36DFB99A}.Release|Any CPU.Build.0 = Release|Any CPU
	EndGlobalSection
EndGlobal
