
Microsoft Visual Studio Solution File, Format Version 12.00
# Visual Studio Version 16
VisualStudioVersion = 16.0.30114.105
MinimumVisualStudioVersion = 10.0.40219.1
Project("{FAE04EC0-301F-11D3-BF4B-00C04F79EFBC}") = "01_Variables", "01_Variables\01_Variables.csproj", "{018BF58E-8967-478F-A158-D8B74EF21473}"
EndProject
Project("{FAE04EC0-301F-11D3-BF4B-00C04F79EFBC}") = "BasicTypes", "02_Types\BasicTypes.csproj", "{B1A1EBF9-63C2-4F2E-AEF3-382C36DFB99A}"
EndProject
Project("{FAE04EC0-301F-11D3-BF4B-00C04F79EFBC}") = "BasicOperators", "03_Operators\BasicOperators.csproj", "{DDDD91B8-4E2D-4345-B3A3-3A418F2DD6CB}"
EndProject
Project("{FAE04EC0-301F-11D3-BF4B-00C04F79EFBC}") = "04_Strings", "04_Strings\04_Strings.csproj", "{729694A2-DE5B-43C4-BEB0-E4AD6D6E4990}"
EndProject
Project("{FAE04EC0-301F-11D3-BF4B-00C04F79EFBC}") = "Conditionals", "06_Conditionals\Conditionals.csproj", "{D71063ED-5136-45F9-A08C-D11F7ECB2B5F}"
EndProject
Project("{2150E333-8FDC-42A3-9474-1A3956D46DE8}") = "06_Conditionals", "06_Conditionals", "{F7AA5AB1-1420-49E0-8657-E093B13B9C9D}"
EndProject
Project("{FAE04EC0-301F-11D3-BF4B-00C04F79EFBC}") = "IfStatements", "06_Conditionals\IfStatements\IfStatements.csproj", "{2F4EDCB8-4DCB-4562-80BD-9D3D8088A306}"
EndProject
Project("{FAE04EC0-301F-11D3-BF4B-00C04F79EFBC}") = "Ternaries", "06_Conditionals\Ternaries\Ternaries.csproj", "{BC92FF25-A9B9-4FFE-B527-388AB965AD86}"
EndProject
Project("{FAE04EC0-301F-11D3-BF4B-00C04F79EFBC}") = "Switches", "06_Conditionals\Switches\Switches.csproj", "{794EDD29-DD5C-4269-A526-7E042FE36015}"
EndProject
Project("{FAE04EC0-301F-11D3-BF4B-00C04F79EFBC}") = "Challenges", "Challenges\Challenges.csproj", "{70F2F5B3-E93A-4745-A660-9066F611AA5B}"
EndProject
Project("{2150E333-8FDC-42A3-9474-1A3956D46DE8}") = "07_Loops", "07_Loops", "{4F5C0F6A-60CD-4030-8FE3-E23F07B04455}"
EndProject
Project("{FAE04EC0-301F-11D3-BF4B-00C04F79EFBC}") = "WhileLoops", "07_Loops\While\WhileLoops.csproj", "{B3CE54A1-EDCC-466A-81C4-CAC7A10D4276}"
EndProject
Project("{FAE04EC0-301F-11D3-BF4B-00C04F79EFBC}") = "For", "07_Loops\For\For.csproj", "{92F07250-0A94-4886-97AE-6729D21BD907}"
EndProject
Project("{FAE04EC0-301F-11D3-BF4B-00C04F79EFBC}") = "Foreach", "07_Loops\Foreach\Foreach.csproj", "{87B22B55-322F-46D9-9113-B7B78EBD25F9}"
EndProject
Project("{FAE04EC0-301F-11D3-BF4B-00C04F79EFBC}") = "LoopsChallenges", "07_Loops_Challenges\LoopsChallenges.csproj", "{1B272E30-9CE6-4DAF-8496-916CB112C511}"
EndProject
Global
	GlobalSection(SolutionConfigurationPlatforms) = preSolution
		Debug|Any CPU = Debug|Any CPU
		Release|Any CPU = Release|Any CPU
	EndGlobalSection
	GlobalSection(SolutionProperties) = preSolution
		HideSolutionNode = FALSE
	EndGlobalSection
	GlobalSection(ProjectConfigurationPlatforms) = postSolution
		{018BF58E-8967-478F-A158-D8B74EF21473}.Debug|Any CPU.ActiveCfg = Debug|Any CPU
		{018BF58E-8967-478F-A158-D8B74EF21473}.Debug|Any CPU.Build.0 = Debug|Any CPU
		{018BF58E-8967-478F-A158-D8B74EF21473}.Release|Any CPU.ActiveCfg = Release|Any CPU
		{018BF58E-8967-478F-A158-D8B74EF21473}.Release|Any CPU.Build.0 = Release|Any CPU
		{B1A1EBF9-63C2-4F2E-AEF3-382C36DFB99A}.Debug|Any CPU.ActiveCfg = Debug|Any CPU
		{B1A1EBF9-63C2-4F2E-AEF3-382C36DFB99A}.Debug|Any CPU.Build.0 = Debug|Any CPU
		{B1A1EBF9-63C2-4F2E-AEF3-382C36DFB99A}.Release|Any CPU.ActiveCfg = Release|Any CPU
		{B1A1EBF9-63C2-4F2E-AEF3-382C36DFB99A}.Release|Any CPU.Build.0 = Release|Any CPU
		{DDDD91B8-4E2D-4345-B3A3-3A418F2DD6CB}.Debug|Any CPU.ActiveCfg = Debug|Any CPU
		{DDDD91B8-4E2D-4345-B3A3-3A418F2DD6CB}.Debug|Any CPU.Build.0 = Debug|Any CPU
		{DDDD91B8-4E2D-4345-B3A3-3A418F2DD6CB}.Release|Any CPU.ActiveCfg = Release|Any CPU
		{DDDD91B8-4E2D-4345-B3A3-3A418F2DD6CB}.Release|Any CPU.Build.0 = Release|Any CPU
		{729694A2-DE5B-43C4-BEB0-E4AD6D6E4990}.Debug|Any CPU.ActiveCfg = Debug|Any CPU
		{729694A2-DE5B-43C4-BEB0-E4AD6D6E4990}.Debug|Any CPU.Build.0 = Debug|Any CPU
		{729694A2-DE5B-43C4-BEB0-E4AD6D6E4990}.Release|Any CPU.ActiveCfg = Release|Any CPU
		{729694A2-DE5B-43C4-BEB0-E4AD6D6E4990}.Release|Any CPU.Build.0 = Release|Any CPU
		{D71063ED-5136-45F9-A08C-D11F7ECB2B5F}.Debug|Any CPU.ActiveCfg = Debug|Any CPU
		{D71063ED-5136-45F9-A08C-D11F7ECB2B5F}.Debug|Any CPU.Build.0 = Debug|Any CPU
		{D71063ED-5136-45F9-A08C-D11F7ECB2B5F}.Release|Any CPU.ActiveCfg = Release|Any CPU
		{D71063ED-5136-45F9-A08C-D11F7ECB2B5F}.Release|Any CPU.Build.0 = Release|Any CPU
		{2F4EDCB8-4DCB-4562-80BD-9D3D8088A306}.Debug|Any CPU.ActiveCfg = Debug|Any CPU
		{2F4EDCB8-4DCB-4562-80BD-9D3D8088A306}.Debug|Any CPU.Build.0 = Debug|Any CPU
		{2F4EDCB8-4DCB-4562-80BD-9D3D8088A306}.Release|Any CPU.ActiveCfg = Release|Any CPU
		{2F4EDCB8-4DCB-4562-80BD-9D3D8088A306}.Release|Any CPU.Build.0 = Release|Any CPU
		{BC92FF25-A9B9-4FFE-B527-388AB965AD86}.Debug|Any CPU.ActiveCfg = Debug|Any CPU
		{BC92FF25-A9B9-4FFE-B527-388AB965AD86}.Debug|Any CPU.Build.0 = Debug|Any CPU
		{BC92FF25-A9B9-4FFE-B527-388AB965AD86}.Release|Any CPU.ActiveCfg = Release|Any CPU
		{BC92FF25-A9B9-4FFE-B527-388AB965AD86}.Release|Any CPU.Build.0 = Release|Any CPU
		{794EDD29-DD5C-4269-A526-7E042FE36015}.Debug|Any CPU.ActiveCfg = Debug|Any CPU
		{794EDD29-DD5C-4269-A526-7E042FE36015}.Debug|Any CPU.Build.0 = Debug|Any CPU
		{794EDD29-DD5C-4269-A526-7E042FE36015}.Release|Any CPU.ActiveCfg = Release|Any CPU
		{794EDD29-DD5C-4269-A526-7E042FE36015}.Release|Any CPU.Build.0 = Release|Any CPU
		{70F2F5B3-E93A-4745-A660-9066F611AA5B}.Debug|Any CPU.ActiveCfg = Debug|Any CPU
		{70F2F5B3-E93A-4745-A660-9066F611AA5B}.Debug|Any CPU.Build.0 = Debug|Any CPU
		{70F2F5B3-E93A-4745-A660-9066F611AA5B}.Release|Any CPU.ActiveCfg = Release|Any CPU
		{70F2F5B3-E93A-4745-A660-9066F611AA5B}.Release|Any CPU.Build.0 = Release|Any CPU
		{B3CE54A1-EDCC-466A-81C4-CAC7A10D4276}.Debug|Any CPU.ActiveCfg = Debug|Any CPU
		{B3CE54A1-EDCC-466A-81C4-CAC7A10D4276}.Debug|Any CPU.Build.0 = Debug|Any CPU
		{B3CE54A1-EDCC-466A-81C4-CAC7A10D4276}.Release|Any CPU.ActiveCfg = Release|Any CPU
		{B3CE54A1-EDCC-466A-81C4-CAC7A10D4276}.Release|Any CPU.Build.0 = Release|Any CPU
		{92F07250-0A94-4886-97AE-6729D21BD907}.Debug|Any CPU.ActiveCfg = Debug|Any CPU
		{92F07250-0A94-4886-97AE-6729D21BD907}.Debug|Any CPU.Build.0 = Debug|Any CPU
		{92F07250-0A94-4886-97AE-6729D21BD907}.Release|Any CPU.ActiveCfg = Release|Any CPU
		{92F07250-0A94-4886-97AE-6729D21BD907}.Release|Any CPU.Build.0 = Release|Any CPU
		{87B22B55-322F-46D9-9113-B7B78EBD25F9}.Debug|Any CPU.ActiveCfg = Debug|Any CPU
		{87B22B55-322F-46D9-9113-B7B78EBD25F9}.Debug|Any CPU.Build.0 = Debug|Any CPU
		{87B22B55-322F-46D9-9113-B7B78EBD25F9}.Release|Any CPU.ActiveCfg = Release|Any CPU
		{87B22B55-322F-46D9-9113-B7B78EBD25F9}.Release|Any CPU.Build.0 = Release|Any CPU
		{1B272E30-9CE6-4DAF-8496-916CB112C511}.Debug|Any CPU.ActiveCfg = Debug|Any CPU
		{1B272E30-9CE6-4DAF-8496-916CB112C511}.Debug|Any CPU.Build.0 = Debug|Any CPU
		{1B272E30-9CE6-4DAF-8496-916CB112C511}.Release|Any CPU.ActiveCfg = Release|Any CPU
		{1B272E30-9CE6-4DAF-8496-916CB112C511}.Release|Any CPU.Build.0 = Release|Any CPU
	EndGlobalSection
	GlobalSection(NestedProjects) = preSolution
		{2F4EDCB8-4DCB-4562-80BD-9D3D8088A306} = {F7AA5AB1-1420-49E0-8657-E093B13B9C9D}
		{BC92FF25-A9B9-4FFE-B527-388AB965AD86} = {F7AA5AB1-1420-49E0-8657-E093B13B9C9D}
		{794EDD29-DD5C-4269-A526-7E042FE36015} = {F7AA5AB1-1420-49E0-8657-E093B13B9C9D}
		{B3CE54A1-EDCC-466A-81C4-CAC7A10D4276} = {4F5C0F6A-60CD-4030-8FE3-E23F07B04455}
		{92F07250-0A94-4886-97AE-6729D21BD907} = {4F5C0F6A-60CD-4030-8FE3-E23F07B04455}
		{87B22B55-322F-46D9-9113-B7B78EBD25F9} = {4F5C0F6A-60CD-4030-8FE3-E23F07B04455}
	EndGlobalSection
EndGlobal
